version = 1
requires-python = ">=3.12"

[[package]]
name = "confluent-kafka"
version = "2.5.0"
source = { registry = "https://pypi.org/simple" }
sdist = { url = "https://files.pythonhosted.org/packages/94/51/2e8f4048edbcde0346047dcd5228985ddcd0ef4d518f878321c07cc1b39c/confluent-kafka-2.5.0.tar.gz", hash = "sha256:551cabaade717bb56ec13eb860ce439bedbcf1c97f4a4aa26957572ed1bfa74f", size = 136857 }
wheels = [
    { url = "https://files.pythonhosted.org/packages/25/84/41feaf84cf99562632a66e7b7e602f6ca790c4ff2d56ba3cc09b69ef032a/confluent_kafka-2.5.0-cp312-cp312-macosx_10_9_x86_64.whl", hash = "sha256:db987d8953d0d58a28a455e43a1da74a0e9dec7a12a74f5abd85a7cb308aefd4", size = 3411338 },
    { url = "https://files.pythonhosted.org/packages/21/0c/1e6d05a4f63a5401e53709470f04d0ef82388c54fb815876b5b131932536/confluent_kafka-2.5.0-cp312-cp312-macosx_11_0_arm64.whl", hash = "sha256:7d828ebb45db153cd462e72c575f8683c2c56ddba62b282aa36d9c365847e212", size = 2937393 },
    { url = "https://files.pythonhosted.org/packages/ac/85/281e3ae99b77e0364da2e67167cdd4882d9755487bbbd9fffa7bd758e7a8/confluent_kafka-2.5.0-cp312-cp312-manylinux_2_28_aarch64.whl", hash = "sha256:fb863f76605e9bbbb1d7f02abf05899cf1435421aa721a5be212c600bd054aa3", size = 15067805 },
    { url = "https://files.pythonhosted.org/packages/72/a9/a90388c27f575d9cc81aeb5c7cee057ead4244a888d55ddae6498cb6ca98/confluent_kafka-2.5.0-cp312-cp312-manylinux_2_28_x86_64.whl", hash = "sha256:92efb98908e29f597c77ab97faa064f670b681f4540c3eabc415b8a6e58df9bf", size = 3917909 },
    { url = "https://files.pythonhosted.org/packages/89/90/e9746fd6ea72a7a6087b6284af094f94b55f9b2100ea97ceb799296beed8/confluent_kafka-2.5.0-cp312-cp312-win_amd64.whl", hash = "sha256:d668b5c426af595271bf6fce2917a6c3a15453656077a59db85f440958b5ccc2", size = 3548476 },
]

[[package]]
name = "kafka-tool"
version = "0.1.0"
source = { editable = "." }
dependencies = [
    { name = "confluent-kafka" },
]

[package.metadata]
requires-dist = [{ name = "confluent-kafka", specifier = ">=2.5.0" }]
